// !$*UTF8*$!
{
	archiveVersion = 1;
	classes = {
	};
	objectVersion = 46;
	objects = {

/* Begin PBXBuildFile section */
		C354DE8C1D7F350200EB9C3F /* AppDelegate.swift in Sources */ = {isa = PBXBuildFile; fileRef = C354DE8B1D7F350200EB9C3F /* AppDelegate.swift */; };
		C354DE8E1D7F350200EB9C3F /* FirstViewController.swift in Sources */ = {isa = PBXBuildFile; fileRef = C354DE8D1D7F350200EB9C3F /* FirstViewController.swift */; };
		C354DE901D7F350200EB9C3F /* SecondViewController.swift in Sources */ = {isa = PBXBuildFile; fileRef = C354DE8F1D7F350200EB9C3F /* SecondViewController.swift */; };
		C354DE931D7F350200EB9C3F /* Main.storyboard in Resources */ = {isa = PBXBuildFile; fileRef = C354DE911D7F350200EB9C3F /* Main.storyboard */; };
		C354DE951D7F350200EB9C3F /* Assets.xcassets in Resources */ = {isa = PBXBuildFile; fileRef = C354DE941D7F350200EB9C3F /* Assets.xcassets */; };
		C354DE981D7F350200EB9C3F /* LaunchScreen.storyboard in Resources */ = {isa = PBXBuildFile; fileRef = C354DE961D7F350200EB9C3F /* LaunchScreen.storyboard */; };
		C354DEA31D7F350200EB9C3F /* adhvayTests.swift in Sources */ = {isa = PBXBuildFile; fileRef = C354DEA21D7F350200EB9C3F /* adhvayTests.swift */; };
		C354DEAE1D7F350200EB9C3F /* adhvayUITests.swift in Sources */ = {isa = PBXBuildFile; fileRef = C354DEAD1D7F350200EB9C3F /* adhvayUITests.swift */; };
/* End PBXBuildFile section */

/* Begin PBXContainerItemProxy section */
		C354DE9F1D7F350200EB9C3F /* PBXContainerItemProxy */ = {
			isa = PBXContainerItemProxy;
			containerPortal = C354DE801D7F350200EB9C3F /* Project object */;
			proxyType = 1;
			remoteGlobalIDString = C354DE871D7F350200EB9C3F;
			remoteInfo = adhvay;
		};
		C354DEAA1D7F350200EB9C3F /* PBXContainerItemProxy */ = {
			isa = PBXContainerItemProxy;
			containerPortal = C354DE801D7F350200EB9C3F /* Project object */;
			proxyType = 1;
			remoteGlobalIDString = C354DE871D7F350200EB9C3F;
			remoteInfo = adhvay;
		};
/* End PBXContainerItemProxy section */

/* Begin PBXFileReference section */
		C354DE881D7F350200EB9C3F /* adhvay.app */ = {isa = PBXFileReference; explicitFileType = wrapper.application; includeInIndex = 0; path = adhvay.app; sourceTree = BUILT_PRODUCTS_DIR; };
		C354DE8B1D7F350200EB9C3F /* AppDelegate.swift */ = {isa = PBXFileReference; lastKnownFileType = sourcecode.swift; path = AppDelegate.swift; sourceTree = "<group>"; };
		C354DE8D1D7F350200EB9C3F /* FirstViewController.swift */ = {isa = PBXFileReference; lastKnownFileType = sourcecode.swift; path = FirstViewController.swift; sourceTree = "<group>"; };
		C354DE8F1D7F350200EB9C3F /* SecondViewController.swift */ = {isa = PBXFileReference; lastKnownFileType = sourcecode.swift; path = SecondViewController.swift; sourceTree = "<group>"; };
		C354DE921D7F350200EB9C3F /* Base */ = {isa = PBXFileReference; lastKnownFileType = file.storyboard; name = Base; path = Base.lproj/Main.storyboard; sourceTree = "<group>"; };
		C354DE941D7F350200EB9C3F /* Assets.xcassets */ = {isa = PBXFileReference; lastKnownFileType = folder.assetcatalog; path = Assets.xcassets; sourceTree = "<group>"; };
		C354DE971D7F350200EB9C3F /* Base */ = {isa = PBXFileReference; lastKnownFileType = file.storyboard; name = Base; path = Base.lproj/LaunchScreen.storyboard; sourceTree = "<group>"; };
		C354DE991D7F350200EB9C3F /* Info.plist */ = {isa = PBXFileReference; lastKnownFileType = text.plist.xml; path = Info.plist; sourceTree = "<group>"; };
		C354DE9E1D7F350200EB9C3F /* adhvayTests.xctest */ = {isa = PBXFileReference; explicitFileType = wrapper.cfbundle; includeInIndex = 0; path = adhvayTests.xctest; sourceTree = BUILT_PRODUCTS_DIR; };
		C354DEA21D7F350200EB9C3F /* adhvayTests.swift */ = {isa = PBXFileReference; lastKnownFileType = sourcecode.swift; path = adhvayTests.swift; sourceTree = "<group>"; };
		C354DEA41D7F350200EB9C3F /* Info.plist */ = {isa = PBXFileReference; lastKnownFileType = text.plist.xml; path = Info.plist; sourceTree = "<group>"; };
		C354DEA91D7F350200EB9C3F /* adhvayUITests.xctest */ = {isa = PBXFileReference; explicitFileType = wrapper.cfbundle; includeInIndex = 0; path = adhvayUITests.xctest; sourceTree = BUILT_PRODUCTS_DIR; };
		C354DEAD1D7F350200EB9C3F /* adhvayUITests.swift */ = {isa = PBXFileReference; lastKnownFileType = sourcecode.swift; path = adhvayUITests.swift; sourceTree = "<group>"; };
		C354DEAF1D7F350200EB9C3F /* Info.plist */ = {isa = PBXFileReference; lastKnownFileType = text.plist.xml; path = Info.plist; sourceTree = "<group>"; };
/* End PBXFileReference section */

/* Begin PBXFrameworksBuildPhase section */
		C354DE851D7F350200EB9C3F /* Frameworks */ = {
			isa = PBXFrameworksBuildPhase;
			buildActionMask = 2147483647;
			files = (
			);
			runOnlyForDeploymentPostprocessing = 0;
		};
		C354DE9B1D7F350200EB9C3F /* Frameworks */ = {
			isa = PBXFrameworksBuildPhase;
			buildActionMask = 2147483647;
			files = (
			);
			runOnlyForDeploymentPostprocessing = 0;
		};
		C354DEA61D7F350200EB9C3F /* Frameworks */ = {
			isa = PBXFrameworksBuildPhase;
			buildActionMask = 2147483647;
			files = (
			);
			runOnlyForDeploymentPostprocessing = 0;
		};
/* End PBXFrameworksBuildPhase section */

/* Begin PBXGroup section */
		C354DE7F1D7F350200EB9C3F = {
			isa = PBXGroup;
			children = (
				C354DE8A1D7F350200EB9C3F /* adhvay */,
				C354DEA11D7F350200EB9C3F /* adhvayTests */,
				C354DEAC1D7F350200EB9C3F /* adhvayUITests */,
				C354DE891D7F350200EB9C3F /* Products */,
			);
			sourceTree = "<group>";
		};
		C354DE891D7F350200EB9C3F /* Products */ = {
			isa = PBXGroup;
			children = (
				C354DE881D7F350200EB9C3F /* adhvay.app */,
				C354DE9E1D7F350200EB9C3F /* adhvayTests.xctest */,
				C354DEA91D7F350200EB9C3F /* adhvayUITests.xctest */,
			);
			name = Products;
			sourceTree = "<group>";
		};
		C354DE8A1D7F350200EB9C3F /* adhvay */ = {
			isa = PBXGroup;
			children = (
				C354DE8B1D7F350200EB9C3F /* AppDelegate.swift */,
				C354DE8D1D7F350200EB9C3F /* FirstViewController.swift */,
				C354DE8F1D7F350200EB9C3F /* SecondViewController.swift */,
				C354DE911D7F350200EB9C3F /* Main.storyboard */,
				C354DE941D7F350200EB9C3F /* Assets.xcassets */,
				C354DE961D7F350200EB9C3F /* LaunchScreen.storyboard */,
				C354DE991D7F350200EB9C3F /* Info.plist */,
			);
			path = adhvay;
			sourceTree = "<group>";
		};
		C354DEA11D7F350200EB9C3F /* adhvayTests */ = {
			isa = PBXGroup;
			children = (
				C354DEA21D7F350200EB9C3F /* adhvayTests.swift */,
				C354DEA41D7F350200EB9C3F /* Info.plist */,
			);
			path = adhvayTests;
			sourceTree = "<group>";
		};
		C354DEAC1D7F350200EB9C3F /* adhvayUITests */ = {
			isa = PBXGroup;
			children = (
				C354DEAD1D7F350200EB9C3F /* adhvayUITests.swift */,
				C354DEAF1D7F350200EB9C3F /* Info.plist */,
			);
			path = adhvayUITests;
			sourceTree = "<group>";
		};
/* End PBXGroup section */

/* Begin PBXNativeTarget section */
		C354DE871D7F350200EB9C3F /* adhvay */ = {
			isa = PBXNativeTarget;
			buildConfigurationList = C354DEB21D7F350200EB9C3F /* Build configuration list for PBXNativeTarget "adhvay" */;
			buildPhases = (
				C354DE841D7F350200EB9C3F /* Sources */,
				C354DE851D7F350200EB9C3F /* Frameworks */,
				C354DE861D7F350200EB9C3F /* Resources */,
			);
			buildRules = (
			);
			dependencies = (
			);
			name = adhvay;
			productName = adhvay;
			productReference = C354DE881D7F350200EB9C3F /* adhvay.app */;
			productType = "com.apple.product-type.application";
		};
		C354DE9D1D7F350200EB9C3F /* adhvayTests */ = {
			isa = PBXNativeTarget;
			buildConfigurationList = C354DEB51D7F350200EB9C3F /* Build configuration list for PBXNativeTarget "adhvayTests" */;
			buildPhases = (
				C354DE9A1D7F350200EB9C3F /* Sources */,
				C354DE9B1D7F350200EB9C3F /* Frameworks */,
				C354DE9C1D7F350200EB9C3F /* Resources */,
			);
			buildRules = (
			);
			dependencies = (
				C354DEA01D7F350200EB9C3F /* PBXTargetDependency */,
			);
			name = adhvayTests;
			productName = adhvayTests;
			productReference = C354DE9E1D7F350200EB9C3F /* adhvayTests.xctest */;
			productType = "com.apple.product-type.bundle.unit-test";
		};
		C354DEA81D7F350200EB9C3F /* adhvayUITests */ = {
			isa = PBXNativeTarget;
			buildConfigurationList = C354DEB81D7F350200EB9C3F /* Build configuration list for PBXNativeTarget "adhvayUITests" */;
			buildPhases = (
				C354DEA51D7F350200EB9C3F /* Sources */,
				C354DEA61D7F350200EB9C3F /* Frameworks */,
				C354DEA71D7F350200EB9C3F /* Resources */,
			);
			buildRules = (
			);
			dependencies = (
				C354DEAB1D7F350200EB9C3F /* PBXTargetDependency */,
			);
			name = adhvayUITests;
			productName = adhvayUITests;
			productReference = C354DEA91D7F350200EB9C3F /* adhvayUITests.xctest */;
			productType = "com.apple.product-type.bundle.ui-testing";
		};
/* End PBXNativeTarget section */

/* Begin PBXProject section */
		C354DE801D7F350200EB9C3F /* Project object */ = {
			isa = PBXProject;
			attributes = {
				LastSwiftUpdateCheck = 0730;
				LastUpgradeCheck = 0730;
				ORGANIZATIONNAME = "Saran Balaji";
				TargetAttributes = {
					C354DE871D7F350200EB9C3F = {
						CreatedOnToolsVersion = 7.3.1;
					};
					C354DE9D1D7F350200EB9C3F = {
						CreatedOnToolsVersion = 7.3.1;
						TestTargetID = C354DE871D7F350200EB9C3F;
					};
					C354DEA81D7F350200EB9C3F = {
						CreatedOnToolsVersion = 7.3.1;
						TestTargetID = C354DE871D7F350200EB9C3F;
					};
				};
			};
			buildConfigurationList = C354DE831D7F350200EB9C3F /* Build configuration list for PBXProject "adhvay" */;
			compatibilityVersion = "Xcode 3.2";
			developmentRegion = English;
			hasScannedForEncodings = 0;
			knownRegions = (
				en,
				Base,
			);
			mainGroup = C354DE7F1D7F350200EB9C3F;
			productRefGroup = C354DE891D7F350200EB9C3F /* Products */;
			projectDirPath = "";
			projectRoot = "";
			targets = (
				C354DE871D7F350200EB9C3F /* adhvay */,
				C354DE9D1D7F350200EB9C3F /* adhvayTests */,
				C354DEA81D7F350200EB9C3F /* adhvayUITests */,
			);
		};
/* End PBXProject section */

/* Begin PBXResourcesBuildPhase section */
		C354DE861D7F350200EB9C3F /* Resources */ = {
			isa = PBXResourcesBuildPhase;
			buildActionMask = 2147483647;
			files = (
				C354DE981D7F350200EB9C3F /* LaunchScreen.storyboard in Resources */,
				C354DE951D7F350200EB9C3F /* Assets.xcassets in Resources */,
				C354DE931D7F350200EB9C3F /* Main.storyboard in Resources */,
			);
			runOnlyForDeploymentPostprocessing = 0;
		};
		C354DE9C1D7F350200EB9C3F /* Resources */ = {
			isa = PBXResourcesBuildPhase;
			buildActionMask = 2147483647;
			files = (
			);
			runOnlyForDeploymentPostprocessing = 0;
		};
		C354DEA71D7F350200EB9C3F /* Resources */ = {
			isa = PBXResourcesBuildPhase;
			buildActionMask = 2147483647;
			files = (
			);
			runOnlyForDeploymentPostprocessing = 0;
		};
/* End PBXResourcesBuildPhase section */

/* Begin PBXSourcesBuildPhase section */
		C354DE841D7F350200EB9C3F /* Sources */ = {
			isa = PBXSourcesBuildPhase;
			buildActionMask = 2147483647;
			files = (
				C354DE901D7F350200EB9C3F /* SecondViewController.swift in Sources */,
				C354DE8C1D7F350200EB9C3F /* AppDelegate.swift in Sources */,
				C354DE8E1D7F350200EB9C3F /* FirstViewController.swift in Sources */,
			);
			runOnlyForDeploymentPostprocessing = 0;
		};
		C354DE9A1D7F350200EB9C3F /* Sources */ = {
			isa = PBXSourcesBuildPhase;
			buildActionMask = 2147483647;
			files = (
				C354DEA31D7F350200EB9C3F /* adhvayTests.swift in Sources */,
			);
			runOnlyForDeploymentPostprocessing = 0;
		};
		C354DEA51D7F350200EB9C3F /* Sources */ = {
			isa = PBXSourcesBuildPhase;
			buildActionMask = 2147483647;
			files = (
				C354DEAE1D7F350200EB9C3F /* adhvayUITests.swift in Sources */,
			);
			runOnlyForDeploymentPostprocessing = 0;
		};
/* End PBXSourcesBuildPhase section */

/* Begin PBXTargetDependency section */
		C354DEA01D7F350200EB9C3F /* PBXTargetDependency */ = {
			isa = PBXTargetDependency;
			target = C354DE871D7F350200EB9C3F /* adhvay */;
			targetProxy = C354DE9F1D7F350200EB9C3F /* PBXContainerItemProxy */;
		};
		C354DEAB1D7F350200EB9C3F /* PBXTargetDependency */ = {
			isa = PBXTargetDependency;
			target = C354DE871D7F350200EB9C3F /* adhvay */;
			targetProxy = C354DEAA1D7F350200EB9C3F /* PBXContainerItemProxy */;
		};
/* End PBXTargetDependency section */

/* Begin PBXVariantGroup section */
		C354DE911D7F350200EB9C3F /* Main.storyboard */ = {
			isa = PBXVariantGroup;
			children = (
				C354DE921D7F350200EB9C3F /* Base */,
			);
			name = Main.storyboard;
			sourceTree = "<group>";
		};
		C354DE961D7F350200EB9C3F /* LaunchScreen.storyboard */ = {
			isa = PBXVariantGroup;
			children = (
				C354DE971D7F350200EB9C3F /* Base */,
			);
			name = LaunchScreen.storyboard;
			sourceTree = "<group>";
		};
/* End PBXVariantGroup section */

/* Begin XCBuildConfiguration section */
		C354DEB01D7F350200EB9C3F /* Debug */ = {
			isa = XCBuildConfiguration;
			buildSettings = {
				ALWAYS_SEARCH_USER_PATHS = NO;
				CLANG_ANALYZER_NONNULL = YES;
				CLANG_CXX_LANGUAGE_STANDARD = "gnu++0x";
				CLANG_CXX_LIBRARY = "libc++";
				CLANG_ENABLE_MODULES = YES;
				CLANG_ENABLE_OBJC_ARC = YES;
				CLANG_WARN_BOOL_CONVERSION = YES;
				CLANG_WARN_CONSTANT_CONVERSION = YES;
				CLANG_WARN_DIRECT_OBJC_ISA_USAGE = YES_ERROR;
				CLANG_WARN_EMPTY_BODY = YES;
				CLANG_WARN_ENUM_CONVERSION = YES;
				CLANG_WARN_INT_CONVERSION = YES;
				CLANG_WARN_OBJC_ROOT_CLASS = YES_ERROR;
				CLANG_WARN_UNREACHABLE_CODE = YES;
				CLANG_WARN__DUPLICATE_METHOD_MATCH = YES;
				"CODE_SIGN_IDENTITY[sdk=iphoneos*]" = "iPhone Developer";
				COPY_PHASE_STRIP = NO;
				DEBUG_INFORMATION_FORMAT = dwarf;
				ENABLE_STRICT_OBJC_MSGSEND = YES;
				ENABLE_TESTABILITY = YES;
				GCC_C_LANGUAGE_STANDARD = gnu99;
				GCC_DYNAMIC_NO_PIC = NO;
				GCC_NO_COMMON_BLOCKS = YES;
				GCC_OPTIMIZATION_LEVEL = 0;
				GCC_PREPROCESSOR_DEFINITIONS = (
					"DEBUG=1",
					"$(inherited)",
				);
				GCC_WARN_64_TO_32_BIT_CONVERSION = YES;
				GCC_WARN_ABOUT_RETURN_TYPE = YES_ERROR;
				GCC_WARN_UNDECLARED_SELECTOR = YES;
				GCC_WARN_UNINITIALIZED_AUTOS = YES_AGGRESSIVE;
				GCC_WARN_UNUSED_FUNCTION = YES;
				GCC_WARN_UNUSED_VARIABLE = YES;
				IPHONEOS_DEPLOYMENT_TARGET = 9.3;
				MTL_ENABLE_DEBUG_INFO = YES;
				ONLY_ACTIVE_ARCH = YES;
				SDKROOT = iphoneos;
				SWIFT_OPTIMIZATION_LEVEL = "-Onone";
				TARGETED_DEVICE_FAMILY = "1,2";
			};
			name = Debug;
		};
		C354DEB11D7F350200EB9C3F /* Release */ = {
			isa = XCBuildConfiguration;
			buildSettings = {
				ALWAYS_SEARCH_USER_PATHS = NO;
				CLANG_ANALYZER_NONNULL = YES;
				CLANG_CXX_LANGUAGE_STANDARD = "gnu++0x";
				CLANG_CXX_LIBRARY = "libc++";
				CLANG_ENABLE_MODULES = YES;
				CLANG_ENABLE_OBJC_ARC = YES;
				CLANG_WARN_BOOL_CONVERSION = YES;
				CLANG_WARN_CONSTANT_CONVERSION = YES;
				CLANG_WARN_DIRECT_OBJC_ISA_USAGE = YES_ERROR;
				CLANG_WARN_EMPTY_BODY = YES;
				CLANG_WARN_ENUM_CONVERSION = YES;
				CLANG_WARN_INT_CONVERSION = YES;
				CLANG_WARN_OBJC_ROOT_CLASS = YES_ERROR;
				CLANG_WARN_UNREACHABLE_CODE = YES;
				CLANG_WARN__DUPLICATE_METHOD_MATCH = YES;
				"CODE_SIGN_IDENTITY[sdk=iphoneos*]" = "iPhone Developer";
				COPY_PHASE_STRIP = NO;
				DEBUG_INFORMATION_FORMAT = "dwarf-with-dsym";
				ENABLE_NS_ASSERTIONS = NO;
				ENABLE_STRICT_OBJC_MSGSEND = YES;
				GCC_C_LANGUAGE_STANDARD = gnu99;
				GCC_NO_COMMON_BLOCKS = YES;
				GCC_WARN_64_TO_32_BIT_CONVERSION = YES;
				GCC_WARN_ABOUT_RETURN_TYPE = YES_ERROR;
				GCC_WARN_UNDECLARED_SELECTOR = YES;
				GCC_WARN_UNINITIALIZED_AUTOS = YES_AGGRESSIVE;
				GCC_WARN_UNUSED_FUNCTION = YES;
				GCC_WARN_UNUSED_VARIABLE = YES;
				IPHONEOS_DEPLOYMENT_TARGET = 9.3;
				MTL_ENABLE_DEBUG_INFO = NO;
				SDKROOT = iphoneos;
				TARGETED_DEVICE_FAMILY = "1,2";
				VALIDATE_PRODUCT = YES;
			};
			name = Release;
		};
		C354DEB31D7F350200EB9C3F /* Debug */ = {
			isa = XCBuildConfiguration;
			buildSettings = {
				ASSETCATALOG_COMPILER_APPICON_NAME = AppIcon;
				INFOPLIST_FILE = adhvay/Info.plist;
				LD_RUNPATH_SEARCH_PATHS = "$(inherited) @executable_path/Frameworks";
				PRODUCT_BUNDLE_IDENTIFIER = com.saran.ios.adhvay;
				PRODUCT_NAME = "$(TARGET_NAME)";
			};
			name = Debug;
		};
		C354DEB41D7F350200EB9C3F /* Release */ = {
			isa = XCBuildConfiguration;
			buildSettings = {
				ASSETCATALOG_COMPILER_APPICON_NAME = AppIcon;
				INFOPLIST_FILE = adhvay/Info.plist;
				LD_RUNPATH_SEARCH_PATHS = "$(inherited) @executable_path/Frameworks";
				PRODUCT_BUNDLE_IDENTIFIER = com.saran.ios.adhvay;
				PRODUCT_NAME = "$(TARGET_NAME)";
			};
			name = Release;
		};
		C354DEB61D7F350200EB9C3F /* Debug */ = {
			isa = XCBuildConfiguration;
			buildSettings = {
				BUNDLE_LOADER = "$(TEST_HOST)";
				INFOPLIST_FILE = adhvayTests/Info.plist;
				LD_RUNPATH_SEARCH_PATHS = "$(inherited) @executable_path/Frameworks @loader_path/Frameworks";
				PRODUCT_BUNDLE_IDENTIFIER = com.saran.ios.adhvayTests;
				PRODUCT_NAME = "$(TARGET_NAME)";
				TEST_HOST = "$(BUILT_PRODUCTS_DIR)/adhvay.app/adhvay";
			};
			name = Debug;
		};
		C354DEB71D7F350200EB9C3F /* Release */ = {
			isa = XCBuildConfiguration;
			buildSettings = {
				BUNDLE_LOADER = "$(TEST_HOST)";
				INFOPLIST_FILE = adhvayTests/Info.plist;
				LD_RUNPATH_SEARCH_PATHS = "$(inherited) @executable_path/Frameworks @loader_path/Frameworks";
				PRODUCT_BUNDLE_IDENTIFIER = com.saran.ios.adhvayTests;
				PRODUCT_NAME = "$(TARGET_NAME)";
				TEST_HOST = "$(BUILT_PRODUCTS_DIR)/adhvay.app/adhvay";
			};
			name = Release;
		};
		C354DEB91D7F350200EB9C3F /* Debug */ = {
			isa = XCBuildConfiguration;
			buildSettings = {
				INFOPLIST_FILE = adhvayUITests/Info.plist;
				LD_RUNPATH_SEARCH_PATHS = "$(inherited) @executable_path/Frameworks @loader_path/Frameworks";
				PRODUCT_BUNDLE_IDENTIFIER = com.saran.ios.adhvayUITests;
				PRODUCT_NAME = "$(TARGET_NAME)";
				TEST_TARGET_NAME = adhvay;
			};
			name = Debug;
		};
		C354DEBA1D7F350200EB9C3F /* Release */ = {
			isa = XCBuildConfiguration;
			buildSettings = {
				INFOPLIST_FILE = adhvayUITests/Info.plist;
				LD_RUNPATH_SEARCH_PATHS = "$(inherited) @executable_path/Frameworks @loader_path/Frameworks";
				PRODUCT_BUNDLE_IDENTIFIER = com.saran.ios.adhvayUITests;
				PRODUCT_NAME = "$(TARGET_NAME)";
				TEST_TARGET_NAME = adhvay;
			};
			name = Release;
		};
/* End XCBuildConfiguration section */

/* Begin XCConfigurationList section */
		C354DE831D7F350200EB9C3F /* Build configuration list for PBXProject "adhvay" */ = {
			isa = XCConfigurationList;
			buildConfigurations = (
				C354DEB01D7F350200EB9C3F /* Debug */,
				C354DEB11D7F350200EB9C3F /* Release */,
			);
			defaultConfigurationIsVisible = 0;
			defaultConfigurationName = Release;
		};
		C354DEB21D7F350200EB9C3F /* Build configuration list for PBXNativeTarget "adhvay" */ = {
			isa = XCConfigurationList;
			buildConfigurations = (
				C354DEB31D7F350200EB9C3F /* Debug */,
				C354DEB41D7F350200EB9C3F /* Release */,
			);
			defaultConfigurationIsVisible = 0;
		};
		C354DEB51D7F350200EB9C3F /* Build configuration list for PBXNativeTarget "adhvayTests" */ = {
			isa = XCConfigurationList;
			buildConfigurations = (
				C354DEB61D7F350200EB9C3F /* Debug */,
				C354DEB71D7F350200EB9C3F /* Release */,
			);
			defaultConfigurationIsVisible = 0;
		};
		C354DEB81D7F350200EB9C3F /* Build configuration list for PBXNativeTarget "adhvayUITests" */ = {
			isa = XCConfigurationList;
			buildConfigurations = (
				C354DEB91D7F350200EB9C3F /* Debug */,
				C354DEBA1D7F350200EB9C3F /* Release */,
			);
			defaultConfigurationIsVisible = 0;
		};
/* End XCConfigurationList section */
	};
	rootObject = C354DE801D7F350200EB9C3F /* Project object */;
}
